{
  "name": "Bank-Configuration-Portal",
  "lockfileVersion": 3,
  "requires": true,
  "packages": {
    "": {
      "dependencies": {
        "bootstrap-icons": "^1.13.1",
        "darkreader": "^4.9.109"
      }
    },
    "node_modules/@rollup/rollup-linux-x64-gnu": {
      "version": "4.44.0",
      "resolved": "https://registry.npmjs.org/@rollup/rollup-linux-x64-gnu/-/rollup-linux-x64-gnu-4.44.0.tgz",
      "integrity": "sha512-iUVJc3c0o8l9Sa/qlDL2Z9UP92UZZW1+EmQ4xfjTc1akr0iUFZNfxrXJ/R1T90h/ILm9iXEY6+iPrmYB3pXKjw==",
      "cpu": [
        "x64"
      ],
      "license": "MIT",
      "optional": true,
      "os": [
        "linux"
      ]
    },
    "node_modules/@rollup/rollup-win32-x64-msvc": {
      "version": "4.44.0",
      "resolved": "https://registry.npmjs.org/@rollup/rollup-win32-x64-msvc/-/rollup-win32-x64-msvc-4.44.0.tgz",
      "integrity": "sha512-Q2Mgwt+D8hd5FIPUuPDsvPR7Bguza6yTkJxspDGkZj7tBRn2y4KSWYuIXpftFSjBra76TbKerCV7rgFPQrn+wQ==",
      "cpu": [
        "x64"
      ],
      "license": "MIT",
      "optional": true,
      "os": [
        "win32"
      ]
    },
    "node_modules/bootstrap-icons": {
      "version": "1.13.1",
      "resolved": "https://registry.npmjs.org/bootstrap-icons/-/bootstrap-icons-1.13.1.tgz",
      "integrity": "sha512-ijombt4v6bv5CLeXvRWKy7CuM3TRTuPEuGaGKvTV5cz65rQSY8RQ2JcHt6b90cBBAC7s8fsf2EkQDldzCoXUjw==",
      "funding": [
        {
          "type": "github",
          "url": "https://github.com/sponsors/twbs"
        },
        {
          "type": "opencollective",
          "url": "https://opencollective.com/bootstrap"
        }
      ],
      "license": "MIT"
    },
    "node_modules/darkreader": {
      "version": "4.9.109",
      "resolved": "https://registry.npmjs.org/darkreader/-/darkreader-4.9.109.tgz",
      "integrity": "sha512-Jd7a+ywBvV3k6zuA246/BJBKwSl7D2puN16m4ZmULp4lPGJHJoWcc+8Kq2mQthkSrh5Bvn7JhVBcpth9Mm29BQ==",
      "license": "MIT",
      "dependencies": {
        "malevic": "0.20.2"
      },
      "funding": {
        "type": "opencollective",
        "url": "https://opencollective.com/darkreader/donate"
      },
      "optionalDependencies": {
        "@rollup/rollup-linux-x64-gnu": "4.44.0",
        "@rollup/rollup-win32-x64-msvc": "4.44.0"
      }
    },
    "node_modules/malevic": {
      "version": "0.20.2",
      "resolved": "https://registry.npmjs.org/malevic/-/malevic-0.20.2.tgz",
      "integrity": "sha512-s44yEUyfDaONt7nPT7NDQ+Z2oAswErG70ok2Q95bJFh1Bdcn4dZQVMrLE02ZIjTtYfQ/LFOVxF+yB3bdGw/GtQ==",
      "license": "MIT"
    }
  }
}
